
Microsoft Visual Studio Solution File, Format Version 12.00
# Visual Studio Version 16
VisualStudioVersion = 16.0.31129.286
MinimumVisualStudioVersion = 10.0.40219.1
Project("{9A19103F-16F7-4668-BE54-9A1E7A4F7556}") = "cis2055-NemesysProject", "cis2055-NemesysProject\cis2055-NemesysProject.csproj", "{92DC9B79-5609-49F7-9965-B6655990DCB0}"
EndProject
Project("{FAE04EC0-301F-11D3-BF4B-00C04F79EFBC}") = "NemesysProject-3", "..\NemesysProject-3\NemesysProject-3.csproj", "{D939D82B-D938-45BE-8C4D-761D61D38207}"
EndProject
Global
	GlobalSection(SolutionConfigurationPlatforms) = preSolution
		Debug|Any CPU = Debug|Any CPU
		Release|Any CPU = Release|Any CPU
	EndGlobalSection
	GlobalSection(ProjectConfigurationPlatforms) = postSolution
		{92DC9B79-5609-49F7-9965-B6655990DCB0}.Debug|Any CPU.ActiveCfg = Debug|Any CPU
		{92DC9B79-5609-49F7-9965-B6655990DCB0}.Debug|Any CPU.Build.0 = Debug|Any CPU
		{92DC9B79-5609-49F7-9965-B6655990DCB0}.Release|Any CPU.ActiveCfg = Release|Any CPU
		{92DC9B79-5609-49F7-9965-B6655990DCB0}.Release|Any CPU.Build.0 = Release|Any CPU
		{D939D82B-D938-45BE-8C4D-761D61D38207}.Debug|Any CPU.ActiveCfg = Debug|Any CPU
		{D939D82B-D938-45BE-8C4D-761D61D38207}.Debug|Any CPU.Build.0 = Debug|Any CPU
		{D939D82B-D938-45BE-8C4D-761D61D38207}.Release|Any CPU.ActiveCfg = Release|Any CPU
		{D939D82B-D938-45BE-8C4D-761D61D38207}.Release|Any CPU.Build.0 = Release|Any CPU
	EndGlobalSection
	GlobalSection(SolutionProperties) = preSolution
		HideSolutionNode = FALSE
	EndGlobalSection
	GlobalSection(ExtensibilityGlobals) = postSolution
		SolutionGuid = {1421D213-5470-4BEC-8301-8082FA7CAB97}
	EndGlobalSection
EndGlobal
